
Microsoft Visual Studio Solution File, Format Version 12.00
# Visual Studio 15
VisualStudioVersion = 15.0.28307.102
MinimumVisualStudioVersion = 10.0.40219.1
Project("{FAE04EC0-301F-11D3-BF4B-00C04F79EFBC}") = "DataPersistencyStaticModel", "DataPersistencyStaticModel\DataPersistencyStaticModel.csproj", "{31DF7269-70A2-4028-BAF7-A590F8078047}"
EndProject
Project("{FAE04EC0-301F-11D3-BF4B-00C04F79EFBC}") = "DataPersistencyModel_AccessiblityCheck", "DataPersistencyModel_AccessiblityCheck\DataPersistencyModel_AccessiblityCheck.csproj", "{9E83A30E-EEF3-4F5C-8F82-4AB5515548C3}"
EndProject
Global
	GlobalSection(SolutionConfigurationPlatforms) = preSolution
		Debug|Any CPU = Debug|Any CPU
		Release|Any CPU = Release|Any CPU
	EndGlobalSection
	GlobalSection(ProjectConfigurationPlatforms) = postSolution
		{31DF7269-70A2-4028-BAF7-A590F8078047}.Debug|Any CPU.ActiveCfg = Debug|Any CPU
		{31DF7269-70A2-4028-BAF7-A590F8078047}.Debug|Any CPU.Build.0 = Debug|Any CPU
		{31DF7269-70A2-4028-BAF7-A590F8078047}.Release|Any CPU.ActiveCfg = Release|Any CPU
		{31DF7269-70A2-4028-BAF7-A590F8078047}.Release|Any CPU.Build.0 = Release|Any CPU
		{9E83A30E-EEF3-4F5C-8F82-4AB5515548C3}.Debug|Any CPU.ActiveCfg = Debug|Any CPU
		{9E83A30E-EEF3-4F5C-8F82-4AB5515548C3}.Debug|Any CPU.Build.0 = Debug|Any CPU
		{9E83A30E-EEF3-4F5C-8F82-4AB5515548C3}.Release|Any CPU.ActiveCfg = Release|Any CPU
		{9E83A30E-EEF3-4F5C-8F82-4AB5515548C3}.Release|Any CPU.Build.0 = Release|Any CPU
	EndGlobalSection
	GlobalSection(SolutionProperties) = preSolution
		HideSolutionNode = FALSE
	EndGlobalSection
	GlobalSection(ExtensibilityGlobals) = postSolution
		SolutionGuid = {5DD3F613-745E-44DF-9188-55EB3B293E42}
	EndGlobalSection
EndGlobal
