
Microsoft Visual Studio Solution File, Format Version 12.00
# Visual Studio 15
VisualStudioVersion = 15.0.28307.102
MinimumVisualStudioVersion = 10.0.40219.1
Project("{FAE04EC0-301F-11D3-BF4B-00C04F79EFBC}") = "EduPmsWebAppV1", "EduPmsWebAppV1\EduPmsWebAppV1.csproj", "{275D3005-FAF4-4B6B-A6FC-B0B194FDA054}"
EndProject
Project("{FAE04EC0-301F-11D3-BF4B-00C04F79EFBC}") = "EduPMSDAL", "EduPMSDAL\EduPMSDAL.csproj", "{58886ABD-E97B-4DC8-92B3-6F901177F84B}"
EndProject
Project("{FAE04EC0-301F-11D3-BF4B-00C04F79EFBC}") = "EduPMSIDAL", "EdduPMSIDAL\EduPMSIDAL.csproj", "{D0CD6952-72EB-400F-B0DE-FD374DAFEEC7}"
EndProject
Project("{FAE04EC0-301F-11D3-BF4B-00C04F79EFBC}") = "EduPMSService", "EduPMSService\EduPMSService.csproj", "{66D120B3-658E-46E9-A0F9-886E2BD9E0D8}"
EndProject
Project("{FAE04EC0-301F-11D3-BF4B-00C04F79EFBC}") = "EduPMSServiceContracts", "EduPMSServiceContracts\EduPMSServiceContracts.csproj", "{D47760E0-5B53-4D38-BA3B-0E1D2A093C6C}"
EndProject
Project("{FAE04EC0-301F-11D3-BF4B-00C04F79EFBC}") = "EduPMSProxy", "EduPMSProxy\EduPMSProxy.csproj", "{32E08F8F-379C-404E-8230-E6245AEBFBA0}"
EndProject
Project("{FAE04EC0-301F-11D3-BF4B-00C04F79EFBC}") = "EduPMSModel", "EduPMSModel\EduPMSModel.csproj", "{C07743B1-622A-4E40-B9F4-28C1412A08AD}"
EndProject
Global
	GlobalSection(SolutionConfigurationPlatforms) = preSolution
		Debug|Any CPU = Debug|Any CPU
		Release|Any CPU = Release|Any CPU
	EndGlobalSection
	GlobalSection(ProjectConfigurationPlatforms) = postSolution
		{275D3005-FAF4-4B6B-A6FC-B0B194FDA054}.Debug|Any CPU.ActiveCfg = Debug|Any CPU
		{275D3005-FAF4-4B6B-A6FC-B0B194FDA054}.Debug|Any CPU.Build.0 = Debug|Any CPU
		{275D3005-FAF4-4B6B-A6FC-B0B194FDA054}.Release|Any CPU.ActiveCfg = Release|Any CPU
		{275D3005-FAF4-4B6B-A6FC-B0B194FDA054}.Release|Any CPU.Build.0 = Release|Any CPU
		{58886ABD-E97B-4DC8-92B3-6F901177F84B}.Debug|Any CPU.ActiveCfg = Debug|Any CPU
		{58886ABD-E97B-4DC8-92B3-6F901177F84B}.Debug|Any CPU.Build.0 = Debug|Any CPU
		{58886ABD-E97B-4DC8-92B3-6F901177F84B}.Release|Any CPU.ActiveCfg = Release|Any CPU
		{58886ABD-E97B-4DC8-92B3-6F901177F84B}.Release|Any CPU.Build.0 = Release|Any CPU
		{D0CD6952-72EB-400F-B0DE-FD374DAFEEC7}.Debug|Any CPU.ActiveCfg = Debug|Any CPU
		{D0CD6952-72EB-400F-B0DE-FD374DAFEEC7}.Debug|Any CPU.Build.0 = Debug|Any CPU
		{D0CD6952-72EB-400F-B0DE-FD374DAFEEC7}.Release|Any CPU.ActiveCfg = Release|Any CPU
		{D0CD6952-72EB-400F-B0DE-FD374DAFEEC7}.Release|Any CPU.Build.0 = Release|Any CPU
		{66D120B3-658E-46E9-A0F9-886E2BD9E0D8}.Debug|Any CPU.ActiveCfg = Debug|Any CPU
		{66D120B3-658E-46E9-A0F9-886E2BD9E0D8}.Debug|Any CPU.Build.0 = Debug|Any CPU
		{66D120B3-658E-46E9-A0F9-886E2BD9E0D8}.Release|Any CPU.ActiveCfg = Release|Any CPU
		{66D120B3-658E-46E9-A0F9-886E2BD9E0D8}.Release|Any CPU.Build.0 = Release|Any CPU
		{D47760E0-5B53-4D38-BA3B-0E1D2A093C6C}.Debug|Any CPU.ActiveCfg = Debug|Any CPU
		{D47760E0-5B53-4D38-BA3B-0E1D2A093C6C}.Debug|Any CPU.Build.0 = Debug|Any CPU
		{D47760E0-5B53-4D38-BA3B-0E1D2A093C6C}.Release|Any CPU.ActiveCfg = Release|Any CPU
		{D47760E0-5B53-4D38-BA3B-0E1D2A093C6C}.Release|Any CPU.Build.0 = Release|Any CPU
		{32E08F8F-379C-404E-8230-E6245AEBFBA0}.Debug|Any CPU.ActiveCfg = Debug|Any CPU
		{32E08F8F-379C-404E-8230-E6245AEBFBA0}.Debug|Any CPU.Build.0 = Debug|Any CPU
		{32E08F8F-379C-404E-8230-E6245AEBFBA0}.Release|Any CPU.ActiveCfg = Release|Any CPU
		{32E08F8F-379C-404E-8230-E6245AEBFBA0}.Release|Any CPU.Build.0 = Release|Any CPU
		{C07743B1-622A-4E40-B9F4-28C1412A08AD}.Debug|Any CPU.ActiveCfg = Debug|Any CPU
		{C07743B1-622A-4E40-B9F4-28C1412A08AD}.Debug|Any CPU.Build.0 = Debug|Any CPU
		{C07743B1-622A-4E40-B9F4-28C1412A08AD}.Release|Any CPU.ActiveCfg = Release|Any CPU
		{C07743B1-622A-4E40-B9F4-28C1412A08AD}.Release|Any CPU.Build.0 = Release|Any CPU
	EndGlobalSection
	GlobalSection(SolutionProperties) = preSolution
		HideSolutionNode = FALSE
	EndGlobalSection
	GlobalSection(ExtensibilityGlobals) = postSolution
		SolutionGuid = {6AB74F8E-8436-42B9-9A78-7C1224D211E3}
	EndGlobalSection
EndGlobal
